
Microsoft Visual Studio Solution File, Format Version 12.00
# Visual Studio Version 17
VisualStudioVersion = 17.5.33516.290
MinimumVisualStudioVersion = 10.0.40219.1
Project("{FAE04EC0-301F-11D3-BF4B-00C04F79EFBC}") = "Init Project", "Init Project.csproj", "{F27B2A86-9057-47FD-8CF9-47CF0F8383CC}"
EndProject
Global
	GlobalSection(SolutionConfigurationPlatforms) = preSolution
		Debug|Any CPU = Debug|Any CPU
		Release|Any CPU = Release|Any CPU
	EndGlobalSection
	GlobalSection(ProjectConfigurationPlatforms) = postSolution
		{F27B2A86-9057-47FD-8CF9-47CF0F8383CC}.Debug|Any CPU.ActiveCfg = Debug|Any CPU
		{F27B2A86-9057-47FD-8CF9-47CF0F8383CC}.Debug|Any CPU.Build.0 = Debug|Any CPU
		{F27B2A86-9057-47FD-8CF9-47CF0F8383CC}.Release|Any CPU.ActiveCfg = Release|Any CPU
		{F27B2A86-9057-47FD-8CF9-47CF0F8383CC}.Release|Any CPU.Build.0 = Release|Any CPU
	EndGlobalSection
	GlobalSection(SolutionProperties) = preSolution
		HideSolutionNode = FALSE
	EndGlobalSection
	GlobalSection(ExtensibilityGlobals) = postSolution
		SolutionGuid = {FAAD2CB5-FAED-4169-996C-A1110A110869}
	EndGlobalSection
EndGlobal
